
Microsoft Visual Studio Solution File, Format Version 12.00
# Visual Studio 15
VisualStudioVersion = 15.0.26430.15
MinimumVisualStudioVersion = 10.0.40219.1
Project("{FAE04EC0-301F-11D3-BF4B-00C04F79EFBC}") = "WpfAsyncPack", "WpfAsyncPack\WpfAsyncPack.csproj", "{E60905BC-9858-489C-8F14-CD68E9D96F04}"
EndProject
Project("{2150E333-8FDC-42A3-9474-1A3956D46DE8}") = "Sample", "Sample", "{4D72910B-E623-4B06-BF20-100FB08AF1BF}"
EndProject
Project("{FAE04EC0-301F-11D3-BF4B-00C04F79EFBC}") = "FileCopyApp", "Sample\FileCopyApp.csproj", "{BFA4EE00-9A2F-4C52-ABDC-57F6B4638B5D}"
EndProject
Global
	GlobalSection(SolutionConfigurationPlatforms) = preSolution
		Debug|Any CPU = Debug|Any CPU
		Debug|ARM = Debug|ARM
		Debug|x64 = Debug|x64
		Debug|x86 = Debug|x86
		Release|Any CPU = Release|Any CPU
		Release|ARM = Release|ARM
		Release|x64 = Release|x64
		Release|x86 = Release|x86
	EndGlobalSection
	GlobalSection(ProjectConfigurationPlatforms) = postSolution
		{E60905BC-9858-489C-8F14-CD68E9D96F04}.Debug|Any CPU.ActiveCfg = Debug|Any CPU
		{E60905BC-9858-489C-8F14-CD68E9D96F04}.Debug|Any CPU.Build.0 = Debug|Any CPU
		{E60905BC-9858-489C-8F14-CD68E9D96F04}.Debug|ARM.ActiveCfg = Debug|Any CPU
		{E60905BC-9858-489C-8F14-CD68E9D96F04}.Debug|ARM.Build.0 = Debug|Any CPU
		{E60905BC-9858-489C-8F14-CD68E9D96F04}.Debug|x64.ActiveCfg = Debug|Any CPU
		{E60905BC-9858-489C-8F14-CD68E9D96F04}.Debug|x64.Build.0 = Debug|Any CPU
		{E60905BC-9858-489C-8F14-CD68E9D96F04}.Debug|x86.ActiveCfg = Debug|Any CPU
		{E60905BC-9858-489C-8F14-CD68E9D96F04}.Debug|x86.Build.0 = Debug|Any CPU
		{E60905BC-9858-489C-8F14-CD68E9D96F04}.Release|Any CPU.ActiveCfg = Release|Any CPU
		{E60905BC-9858-489C-8F14-CD68E9D96F04}.Release|Any CPU.Build.0 = Release|Any CPU
		{E60905BC-9858-489C-8F14-CD68E9D96F04}.Release|ARM.ActiveCfg = Release|Any CPU
		{E60905BC-9858-489C-8F14-CD68E9D96F04}.Release|ARM.Build.0 = Release|Any CPU
		{E60905BC-9858-489C-8F14-CD68E9D96F04}.Release|x64.ActiveCfg = Release|Any CPU
		{E60905BC-9858-489C-8F14-CD68E9D96F04}.Release|x64.Build.0 = Release|Any CPU
		{E60905BC-9858-489C-8F14-CD68E9D96F04}.Release|x86.ActiveCfg = Release|Any CPU
		{E60905BC-9858-489C-8F14-CD68E9D96F04}.Release|x86.Build.0 = Release|Any CPU
		{BFA4EE00-9A2F-4C52-ABDC-57F6B4638B5D}.Debug|Any CPU.ActiveCfg = Debug|Any CPU
		{BFA4EE00-9A2F-4C52-ABDC-57F6B4638B5D}.Debug|Any CPU.Build.0 = Debug|Any CPU
		{BFA4EE00-9A2F-4C52-ABDC-57F6B4638B5D}.Debug|ARM.ActiveCfg = Debug|Any CPU
		{BFA4EE00-9A2F-4C52-ABDC-57F6B4638B5D}.Debug|ARM.Build.0 = Debug|Any CPU
		{BFA4EE00-9A2F-4C52-ABDC-57F6B4638B5D}.Debug|x64.ActiveCfg = Debug|Any CPU
		{BFA4EE00-9A2F-4C52-ABDC-57F6B4638B5D}.Debug|x64.Build.0 = Debug|Any CPU
		{BFA4EE00-9A2F-4C52-ABDC-57F6B4638B5D}.Debug|x86.ActiveCfg = Debug|Any CPU
		{BFA4EE00-9A2F-4C52-ABDC-57F6B4638B5D}.Debug|x86.Build.0 = Debug|Any CPU
		{BFA4EE00-9A2F-4C52-ABDC-57F6B4638B5D}.Release|Any CPU.ActiveCfg = Release|Any CPU
		{BFA4EE00-9A2F-4C52-ABDC-57F6B4638B5D}.Release|ARM.ActiveCfg = Release|Any CPU
		{BFA4EE00-9A2F-4C52-ABDC-57F6B4638B5D}.Release|ARM.Build.0 = Release|Any CPU
		{BFA4EE00-9A2F-4C52-ABDC-57F6B4638B5D}.Release|x64.ActiveCfg = Release|Any CPU
		{BFA4EE00-9A2F-4C52-ABDC-57F6B4638B5D}.Release|x64.Build.0 = Release|Any CPU
		{BFA4EE00-9A2F-4C52-ABDC-57F6B4638B5D}.Release|x86.ActiveCfg = Release|Any CPU
		{BFA4EE00-9A2F-4C52-ABDC-57F6B4638B5D}.Release|x86.Build.0 = Release|Any CPU
	EndGlobalSection
	GlobalSection(SolutionProperties) = preSolution
		HideSolutionNode = FALSE
	EndGlobalSection
	GlobalSection(NestedProjects) = preSolution
		{BFA4EE00-9A2F-4C52-ABDC-57F6B4638B5D} = {4D72910B-E623-4B06-BF20-100FB08AF1BF}
	EndGlobalSection
EndGlobal
